// !$*UTF8*$!
{
	archiveVersion = 1;
	classes = {
	};
	objectVersion = 55;
	objects = {

/* Begin PBXBuildFile section */
		30DFCBCA287599C200E57A72 /* AppDelegate.swift in Sources */ = {isa = PBXBuildFile; fileRef = 30DFCBC9287599C200E57A72 /* AppDelegate.swift */; };
		30DFCBCC287599C200E57A72 /* SceneDelegate.swift in Sources */ = {isa = PBXBuildFile; fileRef = 30DFCBCB287599C200E57A72 /* SceneDelegate.swift */; };
		30DFCBD3287599C400E57A72 /* Assets.xcassets in Resources */ = {isa = PBXBuildFile; fileRef = 30DFCBD2287599C400E57A72 /* Assets.xcassets */; };
		30DFCBD6287599C400E57A72 /* LaunchScreen.storyboard in Resources */ = {isa = PBXBuildFile; fileRef = 30DFCBD4287599C400E57A72 /* LaunchScreen.storyboard */; };
		30DFCBE1287599C400E57A72 /* AH_Assignment_MVVMTests.swift in Sources */ = {isa = PBXBuildFile; fileRef = 30DFCBE0287599C400E57A72 /* AH_Assignment_MVVMTests.swift */; };
		30DFCBEB287599C400E57A72 /* AH_Assignment_MVVMUITests.swift in Sources */ = {isa = PBXBuildFile; fileRef = 30DFCBEA287599C400E57A72 /* AH_Assignment_MVVMUITests.swift */; };
		30DFCBED287599C400E57A72 /* AH_Assignment_MVVMUITestsLaunchTests.swift in Sources */ = {isa = PBXBuildFile; fileRef = 30DFCBEC287599C400E57A72 /* AH_Assignment_MVVMUITestsLaunchTests.swift */; };
		30DFCBFE28759D4300E57A72 /* OverviewViewController.swift in Sources */ = {isa = PBXBuildFile; fileRef = 30DFCBFD28759D4300E57A72 /* OverviewViewController.swift */; };
		30DFCC0028759D5500E57A72 /* OverviewViewModel.swift in Sources */ = {isa = PBXBuildFile; fileRef = 30DFCBFF28759D5500E57A72 /* OverviewViewModel.swift */; };
		30DFCC022875AFD400E57A72 /* OverviewCoordinator.swift in Sources */ = {isa = PBXBuildFile; fileRef = 30DFCC012875AFD300E57A72 /* OverviewCoordinator.swift */; };
		30DFCC072875B70500E57A72 /* Alamofire in Frameworks */ = {isa = PBXBuildFile; productRef = 30DFCC062875B70500E57A72 /* Alamofire */; };
		30DFCC092875B72300E57A72 /* Endpoint.swift in Sources */ = {isa = PBXBuildFile; fileRef = 30DFCC082875B72300E57A72 /* Endpoint.swift */; };
		30DFCC0D2875B89B00E57A72 /* URL+Extension.swift in Sources */ = {isa = PBXBuildFile; fileRef = 30DFCC0C2875B89B00E57A72 /* URL+Extension.swift */; };
		30DFCC0F2875BA1600E57A72 /* Collection+Endpoint.swift in Sources */ = {isa = PBXBuildFile; fileRef = 30DFCC0E2875BA1600E57A72 /* Collection+Endpoint.swift */; };
		30DFCC152875C04A00E57A72 /* Route.swift in Sources */ = {isa = PBXBuildFile; fileRef = 30DFCC142875C04A00E57A72 /* Route.swift */; };
		30DFCC172875C66B00E57A72 /* NetworkError.swift in Sources */ = {isa = PBXBuildFile; fileRef = 30DFCC162875C66B00E57A72 /* NetworkError.swift */; };
		30DFCC1C2875D3D400E57A72 /* NetworkManager.swift in Sources */ = {isa = PBXBuildFile; fileRef = 30DFCC1B2875D3D400E57A72 /* NetworkManager.swift */; };
		30DFCC1E2875DE4300E57A72 /* DependencyContainer.swift in Sources */ = {isa = PBXBuildFile; fileRef = 30DFCC1D2875DE4300E57A72 /* DependencyContainer.swift */; };
		30DFCC212875E05700E57A72 /* ArtObjectShort.swift in Sources */ = {isa = PBXBuildFile; fileRef = 30DFCC202875E05700E57A72 /* ArtObjectShort.swift */; };
		30DFCC232875E05C00E57A72 /* ArtObjectFull.swift in Sources */ = {isa = PBXBuildFile; fileRef = 30DFCC222875E05C00E57A72 /* ArtObjectFull.swift */; };
		30DFCC2B2875E5AE00E57A72 /* Collection.swift in Sources */ = {isa = PBXBuildFile; fileRef = 30DFCC2A2875E5AE00E57A72 /* Collection.swift */; };
		30DFCC2E2875E60C00E57A72 /* CollectionOverview.swift in Sources */ = {isa = PBXBuildFile; fileRef = 30DFCC2D2875E60C00E57A72 /* CollectionOverview.swift */; };
		30DFCC302875E61900E57A72 /* CollectionObjectDetails.swift in Sources */ = {isa = PBXBuildFile; fileRef = 30DFCC2F2875E61900E57A72 /* CollectionObjectDetails.swift */; };
		30DFCC332875E62D00E57A72 /* ArtObject.swift in Sources */ = {isa = PBXBuildFile; fileRef = 30DFCC322875E62D00E57A72 /* ArtObject.swift */; };
		30DFCC352875E67300E57A72 /* ArtObjectWebImage.swift in Sources */ = {isa = PBXBuildFile; fileRef = 30DFCC342875E67300E57A72 /* ArtObjectWebImage.swift */; };
/* End PBXBuildFile section */

/* Begin PBXContainerItemProxy section */
		30DFCBDD287599C400E57A72 /* PBXContainerItemProxy */ = {
			isa = PBXContainerItemProxy;
			containerPortal = 30DFCBBE287599C200E57A72 /* Project object */;
			proxyType = 1;
			remoteGlobalIDString = 30DFCBC5287599C200E57A72;
			remoteInfo = "AH-Assignment-MVVM";
		};
		30DFCBE7287599C400E57A72 /* PBXContainerItemProxy */ = {
			isa = PBXContainerItemProxy;
			containerPortal = 30DFCBBE287599C200E57A72 /* Project object */;
			proxyType = 1;
			remoteGlobalIDString = 30DFCBC5287599C200E57A72;
			remoteInfo = "AH-Assignment-MVVM";
		};
/* End PBXContainerItemProxy section */

/* Begin PBXFileReference section */
		30DFCBC6287599C200E57A72 /* AH-Assignment-MVVM.app */ = {isa = PBXFileReference; explicitFileType = wrapper.application; includeInIndex = 0; path = "AH-Assignment-MVVM.app"; sourceTree = BUILT_PRODUCTS_DIR; };
		30DFCBC9287599C200E57A72 /* AppDelegate.swift */ = {isa = PBXFileReference; lastKnownFileType = sourcecode.swift; path = AppDelegate.swift; sourceTree = "<group>"; };
		30DFCBCB287599C200E57A72 /* SceneDelegate.swift */ = {isa = PBXFileReference; lastKnownFileType = sourcecode.swift; path = SceneDelegate.swift; sourceTree = "<group>"; };
		30DFCBD2287599C400E57A72 /* Assets.xcassets */ = {isa = PBXFileReference; lastKnownFileType = folder.assetcatalog; path = Assets.xcassets; sourceTree = "<group>"; };
		30DFCBD5287599C400E57A72 /* Base */ = {isa = PBXFileReference; lastKnownFileType = file.storyboard; name = Base; path = Base.lproj/LaunchScreen.storyboard; sourceTree = "<group>"; };
		30DFCBD7287599C400E57A72 /* Info.plist */ = {isa = PBXFileReference; lastKnownFileType = text.plist.xml; path = Info.plist; sourceTree = "<group>"; };
		30DFCBDC287599C400E57A72 /* AH-Assignment-MVVMTests.xctest */ = {isa = PBXFileReference; explicitFileType = wrapper.cfbundle; includeInIndex = 0; path = "AH-Assignment-MVVMTests.xctest"; sourceTree = BUILT_PRODUCTS_DIR; };
		30DFCBE0287599C400E57A72 /* AH_Assignment_MVVMTests.swift */ = {isa = PBXFileReference; lastKnownFileType = sourcecode.swift; path = AH_Assignment_MVVMTests.swift; sourceTree = "<group>"; };
		30DFCBE6287599C400E57A72 /* AH-Assignment-MVVMUITests.xctest */ = {isa = PBXFileReference; explicitFileType = wrapper.cfbundle; includeInIndex = 0; path = "AH-Assignment-MVVMUITests.xctest"; sourceTree = BUILT_PRODUCTS_DIR; };
		30DFCBEA287599C400E57A72 /* AH_Assignment_MVVMUITests.swift */ = {isa = PBXFileReference; lastKnownFileType = sourcecode.swift; path = AH_Assignment_MVVMUITests.swift; sourceTree = "<group>"; };
		30DFCBEC287599C400E57A72 /* AH_Assignment_MVVMUITestsLaunchTests.swift */ = {isa = PBXFileReference; lastKnownFileType = sourcecode.swift; path = AH_Assignment_MVVMUITestsLaunchTests.swift; sourceTree = "<group>"; };
		30DFCBFD28759D4300E57A72 /* OverviewViewController.swift */ = {isa = PBXFileReference; lastKnownFileType = sourcecode.swift; path = OverviewViewController.swift; sourceTree = "<group>"; };
		30DFCBFF28759D5500E57A72 /* OverviewViewModel.swift */ = {isa = PBXFileReference; lastKnownFileType = sourcecode.swift; path = OverviewViewModel.swift; sourceTree = "<group>"; };
		30DFCC012875AFD300E57A72 /* OverviewCoordinator.swift */ = {isa = PBXFileReference; lastKnownFileType = sourcecode.swift; path = OverviewCoordinator.swift; sourceTree = "<group>"; };
		30DFCC082875B72300E57A72 /* Endpoint.swift */ = {isa = PBXFileReference; lastKnownFileType = sourcecode.swift; path = Endpoint.swift; sourceTree = "<group>"; };
		30DFCC0C2875B89B00E57A72 /* URL+Extension.swift */ = {isa = PBXFileReference; lastKnownFileType = sourcecode.swift; path = "URL+Extension.swift"; sourceTree = "<group>"; };
		30DFCC0E2875BA1600E57A72 /* Collection+Endpoint.swift */ = {isa = PBXFileReference; lastKnownFileType = sourcecode.swift; path = "Collection+Endpoint.swift"; sourceTree = "<group>"; };
		30DFCC142875C04A00E57A72 /* Route.swift */ = {isa = PBXFileReference; lastKnownFileType = sourcecode.swift; path = Route.swift; sourceTree = "<group>"; };
		30DFCC162875C66B00E57A72 /* NetworkError.swift */ = {isa = PBXFileReference; lastKnownFileType = sourcecode.swift; path = NetworkError.swift; sourceTree = "<group>"; };
		30DFCC1B2875D3D400E57A72 /* NetworkManager.swift */ = {isa = PBXFileReference; lastKnownFileType = sourcecode.swift; path = NetworkManager.swift; sourceTree = "<group>"; };
		30DFCC1D2875DE4300E57A72 /* DependencyContainer.swift */ = {isa = PBXFileReference; lastKnownFileType = sourcecode.swift; path = DependencyContainer.swift; sourceTree = "<group>"; };
		30DFCC202875E05700E57A72 /* ArtObjectShort.swift */ = {isa = PBXFileReference; lastKnownFileType = sourcecode.swift; path = ArtObjectShort.swift; sourceTree = "<group>"; };
		30DFCC222875E05C00E57A72 /* ArtObjectFull.swift */ = {isa = PBXFileReference; lastKnownFileType = sourcecode.swift; path = ArtObjectFull.swift; sourceTree = "<group>"; };
		30DFCC2A2875E5AE00E57A72 /* Collection.swift */ = {isa = PBXFileReference; lastKnownFileType = sourcecode.swift; path = Collection.swift; sourceTree = "<group>"; };
		30DFCC2D2875E60C00E57A72 /* CollectionOverview.swift */ = {isa = PBXFileReference; lastKnownFileType = sourcecode.swift; path = CollectionOverview.swift; sourceTree = "<group>"; };
		30DFCC2F2875E61900E57A72 /* CollectionObjectDetails.swift */ = {isa = PBXFileReference; lastKnownFileType = sourcecode.swift; path = CollectionObjectDetails.swift; sourceTree = "<group>"; };
		30DFCC322875E62D00E57A72 /* ArtObject.swift */ = {isa = PBXFileReference; lastKnownFileType = sourcecode.swift; path = ArtObject.swift; sourceTree = "<group>"; };
		30DFCC342875E67300E57A72 /* ArtObjectWebImage.swift */ = {isa = PBXFileReference; lastKnownFileType = sourcecode.swift; path = ArtObjectWebImage.swift; sourceTree = "<group>"; };
/* End PBXFileReference section */

/* Begin PBXFrameworksBuildPhase section */
		30DFCBC3287599C200E57A72 /* Frameworks */ = {
			isa = PBXFrameworksBuildPhase;
			buildActionMask = 2147483647;
			files = (
				30DFCC072875B70500E57A72 /* Alamofire in Frameworks */,
			);
			runOnlyForDeploymentPostprocessing = 0;
		};
		30DFCBD9287599C400E57A72 /* Frameworks */ = {
			isa = PBXFrameworksBuildPhase;
			buildActionMask = 2147483647;
			files = (
			);
			runOnlyForDeploymentPostprocessing = 0;
		};
		30DFCBE3287599C400E57A72 /* Frameworks */ = {
			isa = PBXFrameworksBuildPhase;
			buildActionMask = 2147483647;
			files = (
			);
			runOnlyForDeploymentPostprocessing = 0;
		};
/* End PBXFrameworksBuildPhase section */

/* Begin PBXGroup section */
		30DFCBBD287599C200E57A72 = {
			isa = PBXGroup;
			children = (
				30DFCBC8287599C200E57A72 /* AH-Assignment-MVVM */,
				30DFCBDF287599C400E57A72 /* AH-Assignment-MVVMTests */,
				30DFCBE9287599C400E57A72 /* AH-Assignment-MVVMUITests */,
				30DFCBC7287599C200E57A72 /* Products */,
			);
			sourceTree = "<group>";
		};
		30DFCBC7287599C200E57A72 /* Products */ = {
			isa = PBXGroup;
			children = (
				30DFCBC6287599C200E57A72 /* AH-Assignment-MVVM.app */,
				30DFCBDC287599C400E57A72 /* AH-Assignment-MVVMTests.xctest */,
				30DFCBE6287599C400E57A72 /* AH-Assignment-MVVMUITests.xctest */,
			);
			name = Products;
			sourceTree = "<group>";
		};
		30DFCBC8287599C200E57A72 /* AH-Assignment-MVVM */ = {
			isa = PBXGroup;
			children = (
				30DFCBF928759BA300E57A72 /* Application */,
				30DFCBFA28759BCF00E57A72 /* Assets */,
				30DFCC0A2875B88600E57A72 /* Extensions */,
				30DFCC1F2875DFA100E57A72 /* Model */,
				30DFCC032875B6CF00E57A72 /* Network */,
				30DFCBFB28759C4E00E57A72 /* Presentation */,
			);
			path = "AH-Assignment-MVVM";
			sourceTree = "<group>";
		};
		30DFCBDF287599C400E57A72 /* AH-Assignment-MVVMTests */ = {
			isa = PBXGroup;
			children = (
				30DFCBE0287599C400E57A72 /* AH_Assignment_MVVMTests.swift */,
			);
			path = "AH-Assignment-MVVMTests";
			sourceTree = "<group>";
		};
		30DFCBE9287599C400E57A72 /* AH-Assignment-MVVMUITests */ = {
			isa = PBXGroup;
			children = (
				30DFCBEA287599C400E57A72 /* AH_Assignment_MVVMUITests.swift */,
				30DFCBEC287599C400E57A72 /* AH_Assignment_MVVMUITestsLaunchTests.swift */,
			);
			path = "AH-Assignment-MVVMUITests";
			sourceTree = "<group>";
		};
		30DFCBF928759BA300E57A72 /* Application */ = {
			isa = PBXGroup;
			children = (
				30DFCBC9287599C200E57A72 /* AppDelegate.swift */,
				30DFCC1D2875DE4300E57A72 /* DependencyContainer.swift */,
				30DFCBCB287599C200E57A72 /* SceneDelegate.swift */,
				30DFCBD7287599C400E57A72 /* Info.plist */,
				30DFCBD4287599C400E57A72 /* LaunchScreen.storyboard */,
			);
			path = Application;
			sourceTree = "<group>";
		};
		30DFCBFA28759BCF00E57A72 /* Assets */ = {
			isa = PBXGroup;
			children = (
				30DFCBD2287599C400E57A72 /* Assets.xcassets */,
			);
			path = Assets;
			sourceTree = "<group>";
		};
		30DFCBFB28759C4E00E57A72 /* Presentation */ = {
			isa = PBXGroup;
			children = (
				30DFCBFC28759CE400E57A72 /* Overview */,
			);
			path = Presentation;
			sourceTree = "<group>";
		};
		30DFCBFC28759CE400E57A72 /* Overview */ = {
			isa = PBXGroup;
			children = (
				30DFCBFD28759D4300E57A72 /* OverviewViewController.swift */,
				30DFCBFF28759D5500E57A72 /* OverviewViewModel.swift */,
				30DFCC012875AFD300E57A72 /* OverviewCoordinator.swift */,
			);
			path = Overview;
			sourceTree = "<group>";
		};
		30DFCC032875B6CF00E57A72 /* Network */ = {
			isa = PBXGroup;
			children = (
				30DFCC042875B6DF00E57A72 /* Endpoints */,
				30DFCC162875C66B00E57A72 /* NetworkError.swift */,
				30DFCC1B2875D3D400E57A72 /* NetworkManager.swift */,
				30DFCC142875C04A00E57A72 /* Route.swift */,
			);
			path = Network;
			sourceTree = "<group>";
		};
		30DFCC042875B6DF00E57A72 /* Endpoints */ = {
			isa = PBXGroup;
			children = (
				30DFCC082875B72300E57A72 /* Endpoint.swift */,
				30DFCC0E2875BA1600E57A72 /* Collection+Endpoint.swift */,
			);
			path = Endpoints;
			sourceTree = "<group>";
		};
		30DFCC0A2875B88600E57A72 /* Extensions */ = {
			isa = PBXGroup;
			children = (
				30DFCC0B2875B89100E57A72 /* UIKit */,
			);
			path = Extensions;
			sourceTree = "<group>";
		};
		30DFCC0B2875B89100E57A72 /* UIKit */ = {
			isa = PBXGroup;
			children = (
				30DFCC0C2875B89B00E57A72 /* URL+Extension.swift */,
			);
			path = UIKit;
			sourceTree = "<group>";
		};
		30DFCC1F2875DFA100E57A72 /* Model */ = {
			isa = PBXGroup;
			children = (
				30DFCC312875E62600E57A72 /* ArtObject */,
				30DFCC2C2875E5F300E57A72 /* Collection */,
			);
			path = Model;
			sourceTree = "<group>";
		};
		30DFCC2C2875E5F300E57A72 /* Collection */ = {
			isa = PBXGroup;
			children = (
				30DFCC2A2875E5AE00E57A72 /* Collection.swift */,
				30DFCC2D2875E60C00E57A72 /* CollectionOverview.swift */,
				30DFCC2F2875E61900E57A72 /* CollectionObjectDetails.swift */,
			);
			path = Collection;
			sourceTree = "<group>";
		};
		30DFCC312875E62600E57A72 /* ArtObject */ = {
			isa = PBXGroup;
			children = (
				30DFCC322875E62D00E57A72 /* ArtObject.swift */,
				30DFCC222875E05C00E57A72 /* ArtObjectFull.swift */,
				30DFCC202875E05700E57A72 /* ArtObjectShort.swift */,
				30DFCC342875E67300E57A72 /* ArtObjectWebImage.swift */,
			);
			path = ArtObject;
			sourceTree = "<group>";
		};
/* End PBXGroup section */

/* Begin PBXNativeTarget section */
		30DFCBC5287599C200E57A72 /* AH-Assignment-MVVM */ = {
			isa = PBXNativeTarget;
			buildConfigurationList = 30DFCBF0287599C400E57A72 /* Build configuration list for PBXNativeTarget "AH-Assignment-MVVM" */;
			buildPhases = (
				30DFCBC2287599C200E57A72 /* Sources */,
				30DFCBC3287599C200E57A72 /* Frameworks */,
				30DFCBC4287599C200E57A72 /* Resources */,
			);
			buildRules = (
			);
			dependencies = (
			);
			name = "AH-Assignment-MVVM";
			packageProductDependencies = (
				30DFCC062875B70500E57A72 /* Alamofire */,
			);
			productName = "AH-Assignment-MVVM";
			productReference = 30DFCBC6287599C200E57A72 /* AH-Assignment-MVVM.app */;
			productType = "com.apple.product-type.application";
		};
		30DFCBDB287599C400E57A72 /* AH-Assignment-MVVMTests */ = {
			isa = PBXNativeTarget;
			buildConfigurationList = 30DFCBF3287599C400E57A72 /* Build configuration list for PBXNativeTarget "AH-Assignment-MVVMTests" */;
			buildPhases = (
				30DFCBD8287599C400E57A72 /* Sources */,
				30DFCBD9287599C400E57A72 /* Frameworks */,
				30DFCBDA287599C400E57A72 /* Resources */,
			);
			buildRules = (
			);
			dependencies = (
				30DFCBDE287599C400E57A72 /* PBXTargetDependency */,
			);
			name = "AH-Assignment-MVVMTests";
			productName = "AH-Assignment-MVVMTests";
			productReference = 30DFCBDC287599C400E57A72 /* AH-Assignment-MVVMTests.xctest */;
			productType = "com.apple.product-type.bundle.unit-test";
		};
		30DFCBE5287599C400E57A72 /* AH-Assignment-MVVMUITests */ = {
			isa = PBXNativeTarget;
			buildConfigurationList = 30DFCBF6287599C400E57A72 /* Build configuration list for PBXNativeTarget "AH-Assignment-MVVMUITests" */;
			buildPhases = (
				30DFCBE2287599C400E57A72 /* Sources */,
				30DFCBE3287599C400E57A72 /* Frameworks */,
				30DFCBE4287599C400E57A72 /* Resources */,
			);
			buildRules = (
			);
			dependencies = (
				30DFCBE8287599C400E57A72 /* PBXTargetDependency */,
			);
			name = "AH-Assignment-MVVMUITests";
			productName = "AH-Assignment-MVVMUITests";
			productReference = 30DFCBE6287599C400E57A72 /* AH-Assignment-MVVMUITests.xctest */;
			productType = "com.apple.product-type.bundle.ui-testing";
		};
/* End PBXNativeTarget section */

/* Begin PBXProject section */
		30DFCBBE287599C200E57A72 /* Project object */ = {
			isa = PBXProject;
			attributes = {
				BuildIndependentTargetsInParallel = 1;
				LastSwiftUpdateCheck = 1340;
				LastUpgradeCheck = 1340;
				TargetAttributes = {
					30DFCBC5287599C200E57A72 = {
						CreatedOnToolsVersion = 13.4.1;
					};
					30DFCBDB287599C400E57A72 = {
						CreatedOnToolsVersion = 13.4.1;
						TestTargetID = 30DFCBC5287599C200E57A72;
					};
					30DFCBE5287599C400E57A72 = {
						CreatedOnToolsVersion = 13.4.1;
						TestTargetID = 30DFCBC5287599C200E57A72;
					};
				};
			};
			buildConfigurationList = 30DFCBC1287599C200E57A72 /* Build configuration list for PBXProject "AH-Assignment-MVVM" */;
			compatibilityVersion = "Xcode 13.0";
			developmentRegion = en;
			hasScannedForEncodings = 0;
			knownRegions = (
				en,
				Base,
			);
			mainGroup = 30DFCBBD287599C200E57A72;
			packageReferences = (
				30DFCC052875B70500E57A72 /* XCRemoteSwiftPackageReference "Alamofire" */,
			);
			productRefGroup = 30DFCBC7287599C200E57A72 /* Products */;
			projectDirPath = "";
			projectRoot = "";
			targets = (
				30DFCBC5287599C200E57A72 /* AH-Assignment-MVVM */,
				30DFCBDB287599C400E57A72 /* AH-Assignment-MVVMTests */,
				30DFCBE5287599C400E57A72 /* AH-Assignment-MVVMUITests */,
			);
		};
/* End PBXProject section */

/* Begin PBXResourcesBuildPhase section */
		30DFCBC4287599C200E57A72 /* Resources */ = {
			isa = PBXResourcesBuildPhase;
			buildActionMask = 2147483647;
			files = (
				30DFCBD6287599C400E57A72 /* LaunchScreen.storyboard in Resources */,
				30DFCBD3287599C400E57A72 /* Assets.xcassets in Resources */,
			);
			runOnlyForDeploymentPostprocessing = 0;
		};
		30DFCBDA287599C400E57A72 /* Resources */ = {
			isa = PBXResourcesBuildPhase;
			buildActionMask = 2147483647;
			files = (
			);
			runOnlyForDeploymentPostprocessing = 0;
		};
		30DFCBE4287599C400E57A72 /* Resources */ = {
			isa = PBXResourcesBuildPhase;
			buildActionMask = 2147483647;
			files = (
			);
			runOnlyForDeploymentPostprocessing = 0;
		};
/* End PBXResourcesBuildPhase section */

/* Begin PBXSourcesBuildPhase section */
		30DFCBC2287599C200E57A72 /* Sources */ = {
			isa = PBXSourcesBuildPhase;
			buildActionMask = 2147483647;
			files = (
				30DFCC152875C04A00E57A72 /* Route.swift in Sources */,
				30DFCC352875E67300E57A72 /* ArtObjectWebImage.swift in Sources */,
				30DFCBFE28759D4300E57A72 /* OverviewViewController.swift in Sources */,
				30DFCC022875AFD400E57A72 /* OverviewCoordinator.swift in Sources */,
				30DFCC332875E62D00E57A72 /* ArtObject.swift in Sources */,
				30DFCC232875E05C00E57A72 /* ArtObjectFull.swift in Sources */,
				30DFCBCA287599C200E57A72 /* AppDelegate.swift in Sources */,
				30DFCC2E2875E60C00E57A72 /* CollectionOverview.swift in Sources */,
				30DFCC1C2875D3D400E57A72 /* NetworkManager.swift in Sources */,
				30DFCC212875E05700E57A72 /* ArtObjectShort.swift in Sources */,
				30DFCC0028759D5500E57A72 /* OverviewViewModel.swift in Sources */,
				30DFCC2B2875E5AE00E57A72 /* Collection.swift in Sources */,
				30DFCC092875B72300E57A72 /* Endpoint.swift in Sources */,
				30DFCC0F2875BA1600E57A72 /* Collection+Endpoint.swift in Sources */,
				30DFCC0D2875B89B00E57A72 /* URL+Extension.swift in Sources */,
				30DFCBCC287599C200E57A72 /* SceneDelegate.swift in Sources */,
				30DFCC302875E61900E57A72 /* CollectionObjectDetails.swift in Sources */,
				30DFCC1E2875DE4300E57A72 /* DependencyContainer.swift in Sources */,
				30DFCC172875C66B00E57A72 /* NetworkError.swift in Sources */,
			);
			runOnlyForDeploymentPostprocessing = 0;
		};
		30DFCBD8287599C400E57A72 /* Sources */ = {
			isa = PBXSourcesBuildPhase;
			buildActionMask = 2147483647;
			files = (
				30DFCBE1287599C400E57A72 /* AH_Assignment_MVVMTests.swift in Sources */,
			);
			runOnlyForDeploymentPostprocessing = 0;
		};
		30DFCBE2287599C400E57A72 /* Sources */ = {
			isa = PBXSourcesBuildPhase;
			buildActionMask = 2147483647;
			files = (
				30DFCBED287599C400E57A72 /* AH_Assignment_MVVMUITestsLaunchTests.swift in Sources */,
				30DFCBEB287599C400E57A72 /* AH_Assignment_MVVMUITests.swift in Sources */,
			);
			runOnlyForDeploymentPostprocessing = 0;
		};
/* End PBXSourcesBuildPhase section */

/* Begin PBXTargetDependency section */
		30DFCBDE287599C400E57A72 /* PBXTargetDependency */ = {
			isa = PBXTargetDependency;
			target = 30DFCBC5287599C200E57A72 /* AH-Assignment-MVVM */;
			targetProxy = 30DFCBDD287599C400E57A72 /* PBXContainerItemProxy */;
		};
		30DFCBE8287599C400E57A72 /* PBXTargetDependency */ = {
			isa = PBXTargetDependency;
			target = 30DFCBC5287599C200E57A72 /* AH-Assignment-MVVM */;
			targetProxy = 30DFCBE7287599C400E57A72 /* PBXContainerItemProxy */;
		};
/* End PBXTargetDependency section */

/* Begin PBXVariantGroup section */
		30DFCBD4287599C400E57A72 /* LaunchScreen.storyboard */ = {
			isa = PBXVariantGroup;
			children = (
				30DFCBD5287599C400E57A72 /* Base */,
			);
			name = LaunchScreen.storyboard;
			sourceTree = "<group>";
		};
/* End PBXVariantGroup section */

/* Begin XCBuildConfiguration section */
		30DFCBEE287599C400E57A72 /* Debug */ = {
			isa = XCBuildConfiguration;
			buildSettings = {
				ALWAYS_SEARCH_USER_PATHS = NO;
				CLANG_ANALYZER_NONNULL = YES;
				CLANG_ANALYZER_NUMBER_OBJECT_CONVERSION = YES_AGGRESSIVE;
				CLANG_CXX_LANGUAGE_STANDARD = "gnu++17";
				CLANG_ENABLE_MODULES = YES;
				CLANG_ENABLE_OBJC_ARC = YES;
				CLANG_ENABLE_OBJC_WEAK = YES;
				CLANG_WARN_BLOCK_CAPTURE_AUTORELEASING = YES;
				CLANG_WARN_BOOL_CONVERSION = YES;
				CLANG_WARN_COMMA = YES;
				CLANG_WARN_CONSTANT_CONVERSION = YES;
				CLANG_WARN_DEPRECATED_OBJC_IMPLEMENTATIONS = YES;
				CLANG_WARN_DIRECT_OBJC_ISA_USAGE = YES_ERROR;
				CLANG_WARN_DOCUMENTATION_COMMENTS = YES;
				CLANG_WARN_EMPTY_BODY = YES;
				CLANG_WARN_ENUM_CONVERSION = YES;
				CLANG_WARN_INFINITE_RECURSION = YES;
				CLANG_WARN_INT_CONVERSION = YES;
				CLANG_WARN_NON_LITERAL_NULL_CONVERSION = YES;
				CLANG_WARN_OBJC_IMPLICIT_RETAIN_SELF = YES;
				CLANG_WARN_OBJC_LITERAL_CONVERSION = YES;
				CLANG_WARN_OBJC_ROOT_CLASS = YES_ERROR;
				CLANG_WARN_QUOTED_INCLUDE_IN_FRAMEWORK_HEADER = YES;
				CLANG_WARN_RANGE_LOOP_ANALYSIS = YES;
				CLANG_WARN_STRICT_PROTOTYPES = YES;
				CLANG_WARN_SUSPICIOUS_MOVE = YES;
				CLANG_WARN_UNGUARDED_AVAILABILITY = YES_AGGRESSIVE;
				CLANG_WARN_UNREACHABLE_CODE = YES;
				CLANG_WARN__DUPLICATE_METHOD_MATCH = YES;
				COPY_PHASE_STRIP = NO;
				DEBUG_INFORMATION_FORMAT = dwarf;
				ENABLE_STRICT_OBJC_MSGSEND = YES;
				ENABLE_TESTABILITY = YES;
				GCC_C_LANGUAGE_STANDARD = gnu11;
				GCC_DYNAMIC_NO_PIC = NO;
				GCC_NO_COMMON_BLOCKS = YES;
				GCC_OPTIMIZATION_LEVEL = 0;
				GCC_PREPROCESSOR_DEFINITIONS = (
					"DEBUG=1",
					"$(inherited)",
				);
				GCC_WARN_64_TO_32_BIT_CONVERSION = YES;
				GCC_WARN_ABOUT_RETURN_TYPE = YES_ERROR;
				GCC_WARN_UNDECLARED_SELECTOR = YES;
				GCC_WARN_UNINITIALIZED_AUTOS = YES_AGGRESSIVE;
				GCC_WARN_UNUSED_FUNCTION = YES;
				GCC_WARN_UNUSED_VARIABLE = YES;
				IPHONEOS_DEPLOYMENT_TARGET = 15.5;
				MTL_ENABLE_DEBUG_INFO = INCLUDE_SOURCE;
				MTL_FAST_MATH = YES;
				ONLY_ACTIVE_ARCH = YES;
				SDKROOT = iphoneos;
				SWIFT_ACTIVE_COMPILATION_CONDITIONS = DEBUG;
				SWIFT_OPTIMIZATION_LEVEL = "-Onone";
			};
			name = Debug;
		};
		30DFCBEF287599C400E57A72 /* Release */ = {
			isa = XCBuildConfiguration;
			buildSettings = {
				ALWAYS_SEARCH_USER_PATHS = NO;
				CLANG_ANALYZER_NONNULL = YES;
				CLANG_ANALYZER_NUMBER_OBJECT_CONVERSION = YES_AGGRESSIVE;
				CLANG_CXX_LANGUAGE_STANDARD = "gnu++17";
				CLANG_ENABLE_MODULES = YES;
				CLANG_ENABLE_OBJC_ARC = YES;
				CLANG_ENABLE_OBJC_WEAK = YES;
				CLANG_WARN_BLOCK_CAPTURE_AUTORELEASING = YES;
				CLANG_WARN_BOOL_CONVERSION = YES;
				CLANG_WARN_COMMA = YES;
				CLANG_WARN_CONSTANT_CONVERSION = YES;
				CLANG_WARN_DEPRECATED_OBJC_IMPLEMENTATIONS = YES;
				CLANG_WARN_DIRECT_OBJC_ISA_USAGE = YES_ERROR;
				CLANG_WARN_DOCUMENTATION_COMMENTS = YES;
				CLANG_WARN_EMPTY_BODY = YES;
				CLANG_WARN_ENUM_CONVERSION = YES;
				CLANG_WARN_INFINITE_RECURSION = YES;
				CLANG_WARN_INT_CONVERSION = YES;
				CLANG_WARN_NON_LITERAL_NULL_CONVERSION = YES;
				CLANG_WARN_OBJC_IMPLICIT_RETAIN_SELF = YES;
				CLANG_WARN_OBJC_LITERAL_CONVERSION = YES;
				CLANG_WARN_OBJC_ROOT_CLASS = YES_ERROR;
				CLANG_WARN_QUOTED_INCLUDE_IN_FRAMEWORK_HEADER = YES;
				CLANG_WARN_RANGE_LOOP_ANALYSIS = YES;
				CLANG_WARN_STRICT_PROTOTYPES = YES;
				CLANG_WARN_SUSPICIOUS_MOVE = YES;
				CLANG_WARN_UNGUARDED_AVAILABILITY = YES_AGGRESSIVE;
				CLANG_WARN_UNREACHABLE_CODE = YES;
				CLANG_WARN__DUPLICATE_METHOD_MATCH = YES;
				COPY_PHASE_STRIP = NO;
				DEBUG_INFORMATION_FORMAT = "dwarf-with-dsym";
				ENABLE_NS_ASSERTIONS = NO;
				ENABLE_STRICT_OBJC_MSGSEND = YES;
				GCC_C_LANGUAGE_STANDARD = gnu11;
				GCC_NO_COMMON_BLOCKS = YES;
				GCC_WARN_64_TO_32_BIT_CONVERSION = YES;
				GCC_WARN_ABOUT_RETURN_TYPE = YES_ERROR;
				GCC_WARN_UNDECLARED_SELECTOR = YES;
				GCC_WARN_UNINITIALIZED_AUTOS = YES_AGGRESSIVE;
				GCC_WARN_UNUSED_FUNCTION = YES;
				GCC_WARN_UNUSED_VARIABLE = YES;
				IPHONEOS_DEPLOYMENT_TARGET = 15.5;
				MTL_ENABLE_DEBUG_INFO = NO;
				MTL_FAST_MATH = YES;
				SDKROOT = iphoneos;
				SWIFT_COMPILATION_MODE = wholemodule;
				SWIFT_OPTIMIZATION_LEVEL = "-O";
				VALIDATE_PRODUCT = YES;
			};
			name = Release;
		};
		30DFCBF1287599C400E57A72 /* Debug */ = {
			isa = XCBuildConfiguration;
			buildSettings = {
				ASSETCATALOG_COMPILER_APPICON_NAME = AppIcon;
				ASSETCATALOG_COMPILER_GLOBAL_ACCENT_COLOR_NAME = AccentColor;
				CODE_SIGN_STYLE = Automatic;
				CURRENT_PROJECT_VERSION = 1;
				DEVELOPMENT_TEAM = AT7JWQJ474;
				GENERATE_INFOPLIST_FILE = YES;
				INFOPLIST_FILE = "AH-Assignment-MVVM/Application/Info.plist";
				INFOPLIST_KEY_UIApplicationSupportsIndirectInputEvents = YES;
				INFOPLIST_KEY_UILaunchStoryboardName = LaunchScreen;
				INFOPLIST_KEY_UISupportedInterfaceOrientations_iPad = "UIInterfaceOrientationPortrait UIInterfaceOrientationPortraitUpsideDown UIInterfaceOrientationLandscapeLeft UIInterfaceOrientationLandscapeRight";
				INFOPLIST_KEY_UISupportedInterfaceOrientations_iPhone = "UIInterfaceOrientationPortrait UIInterfaceOrientationLandscapeLeft UIInterfaceOrientationLandscapeRight";
				LD_RUNPATH_SEARCH_PATHS = (
					"$(inherited)",
					"@executable_path/Frameworks",
				);
				MARKETING_VERSION = 1.0;
				PRODUCT_BUNDLE_IDENTIFIER = "raman.shyniauski.AH-Assignment-MVVM";
				PRODUCT_NAME = "$(TARGET_NAME)";
				SWIFT_EMIT_LOC_STRINGS = YES;
				SWIFT_VERSION = 5.0;
				TARGETED_DEVICE_FAMILY = "1,2";
			};
			name = Debug;
		};
		30DFCBF2287599C400E57A72 /* Release */ = {
			isa = XCBuildConfiguration;
			buildSettings = {
				ASSETCATALOG_COMPILER_APPICON_NAME = AppIcon;
				ASSETCATALOG_COMPILER_GLOBAL_ACCENT_COLOR_NAME = AccentColor;
				CODE_SIGN_STYLE = Automatic;
				CURRENT_PROJECT_VERSION = 1;
				DEVELOPMENT_TEAM = AT7JWQJ474;
				GENERATE_INFOPLIST_FILE = YES;
				INFOPLIST_FILE = "AH-Assignment-MVVM/Application/Info.plist";
				INFOPLIST_KEY_UIApplicationSupportsIndirectInputEvents = YES;
				INFOPLIST_KEY_UILaunchStoryboardName = LaunchScreen;
				INFOPLIST_KEY_UISupportedInterfaceOrientations_iPad = "UIInterfaceOrientationPortrait UIInterfaceOrientationPortraitUpsideDown UIInterfaceOrientationLandscapeLeft UIInterfaceOrientationLandscapeRight";
				INFOPLIST_KEY_UISupportedInterfaceOrientations_iPhone = "UIInterfaceOrientationPortrait UIInterfaceOrientationLandscapeLeft UIInterfaceOrientationLandscapeRight";
				LD_RUNPATH_SEARCH_PATHS = (
					"$(inherited)",
					"@executable_path/Frameworks",
				);
				MARKETING_VERSION = 1.0;
				PRODUCT_BUNDLE_IDENTIFIER = "raman.shyniauski.AH-Assignment-MVVM";
				PRODUCT_NAME = "$(TARGET_NAME)";
				SWIFT_EMIT_LOC_STRINGS = YES;
				SWIFT_VERSION = 5.0;
				TARGETED_DEVICE_FAMILY = "1,2";
			};
			name = Release;
		};
		30DFCBF4287599C400E57A72 /* Debug */ = {
			isa = XCBuildConfiguration;
			buildSettings = {
				ALWAYS_EMBED_SWIFT_STANDARD_LIBRARIES = YES;
				BUNDLE_LOADER = "$(TEST_HOST)";
				CODE_SIGN_STYLE = Automatic;
				CURRENT_PROJECT_VERSION = 1;
				DEVELOPMENT_TEAM = AT7JWQJ474;
				GENERATE_INFOPLIST_FILE = YES;
				IPHONEOS_DEPLOYMENT_TARGET = 15.5;
				MARKETING_VERSION = 1.0;
				PRODUCT_BUNDLE_IDENTIFIER = "raman.shyniauski.AH-Assignment-MVVMTests";
				PRODUCT_NAME = "$(TARGET_NAME)";
				SWIFT_EMIT_LOC_STRINGS = NO;
				SWIFT_VERSION = 5.0;
				TARGETED_DEVICE_FAMILY = "1,2";
				TEST_HOST = "$(BUILT_PRODUCTS_DIR)/AH-Assignment-MVVM.app/AH-Assignment-MVVM";
			};
			name = Debug;
		};
		30DFCBF5287599C400E57A72 /* Release */ = {
			isa = XCBuildConfiguration;
			buildSettings = {
				ALWAYS_EMBED_SWIFT_STANDARD_LIBRARIES = YES;
				BUNDLE_LOADER = "$(TEST_HOST)";
				CODE_SIGN_STYLE = Automatic;
				CURRENT_PROJECT_VERSION = 1;
				DEVELOPMENT_TEAM = AT7JWQJ474;
				GENERATE_INFOPLIST_FILE = YES;
				IPHONEOS_DEPLOYMENT_TARGET = 15.5;
				MARKETING_VERSION = 1.0;
				PRODUCT_BUNDLE_IDENTIFIER = "raman.shyniauski.AH-Assignment-MVVMTests";
				PRODUCT_NAME = "$(TARGET_NAME)";
				SWIFT_EMIT_LOC_STRINGS = NO;
				SWIFT_VERSION = 5.0;
				TARGETED_DEVICE_FAMILY = "1,2";
				TEST_HOST = "$(BUILT_PRODUCTS_DIR)/AH-Assignment-MVVM.app/AH-Assignment-MVVM";
			};
			name = Release;
		};
		30DFCBF7287599C400E57A72 /* Debug */ = {
			isa = XCBuildConfiguration;
			buildSettings = {
				ALWAYS_EMBED_SWIFT_STANDARD_LIBRARIES = YES;
				CODE_SIGN_STYLE = Automatic;
				CURRENT_PROJECT_VERSION = 1;
				DEVELOPMENT_TEAM = AT7JWQJ474;
				GENERATE_INFOPLIST_FILE = YES;
				MARKETING_VERSION = 1.0;
				PRODUCT_BUNDLE_IDENTIFIER = "raman.shyniauski.AH-Assignment-MVVMUITests";
				PRODUCT_NAME = "$(TARGET_NAME)";
				SWIFT_EMIT_LOC_STRINGS = NO;
				SWIFT_VERSION = 5.0;
				TARGETED_DEVICE_FAMILY = "1,2";
				TEST_TARGET_NAME = "AH-Assignment-MVVM";
			};
			name = Debug;
		};
		30DFCBF8287599C400E57A72 /* Release */ = {
			isa = XCBuildConfiguration;
			buildSettings = {
				ALWAYS_EMBED_SWIFT_STANDARD_LIBRARIES = YES;
				CODE_SIGN_STYLE = Automatic;
				CURRENT_PROJECT_VERSION = 1;
				DEVELOPMENT_TEAM = AT7JWQJ474;
				GENERATE_INFOPLIST_FILE = YES;
				MARKETING_VERSION = 1.0;
				PRODUCT_BUNDLE_IDENTIFIER = "raman.shyniauski.AH-Assignment-MVVMUITests";
				PRODUCT_NAME = "$(TARGET_NAME)";
				SWIFT_EMIT_LOC_STRINGS = NO;
				SWIFT_VERSION = 5.0;
				TARGETED_DEVICE_FAMILY = "1,2";
				TEST_TARGET_NAME = "AH-Assignment-MVVM";
			};
			name = Release;
		};
/* End XCBuildConfiguration section */

/* Begin XCConfigurationList section */
		30DFCBC1287599C200E57A72 /* Build configuration list for PBXProject "AH-Assignment-MVVM" */ = {
			isa = XCConfigurationList;
			buildConfigurations = (
				30DFCBEE287599C400E57A72 /* Debug */,
				30DFCBEF287599C400E57A72 /* Release */,
			);
			defaultConfigurationIsVisible = 0;
			defaultConfigurationName = Release;
		};
		30DFCBF0287599C400E57A72 /* Build configuration list for PBXNativeTarget "AH-Assignment-MVVM" */ = {
			isa = XCConfigurationList;
			buildConfigurations = (
				30DFCBF1287599C400E57A72 /* Debug */,
				30DFCBF2287599C400E57A72 /* Release */,
			);
			defaultConfigurationIsVisible = 0;
			defaultConfigurationName = Release;
		};
		30DFCBF3287599C400E57A72 /* Build configuration list for PBXNativeTarget "AH-Assignment-MVVMTests" */ = {
			isa = XCConfigurationList;
			buildConfigurations = (
				30DFCBF4287599C400E57A72 /* Debug */,
				30DFCBF5287599C400E57A72 /* Release */,
			);
			defaultConfigurationIsVisible = 0;
			defaultConfigurationName = Release;
		};
		30DFCBF6287599C400E57A72 /* Build configuration list for PBXNativeTarget "AH-Assignment-MVVMUITests" */ = {
			isa = XCConfigurationList;
			buildConfigurations = (
				30DFCBF7287599C400E57A72 /* Debug */,
				30DFCBF8287599C400E57A72 /* Release */,
			);
			defaultConfigurationIsVisible = 0;
			defaultConfigurationName = Release;
		};
/* End XCConfigurationList section */

/* Begin XCRemoteSwiftPackageReference section */
		30DFCC052875B70500E57A72 /* XCRemoteSwiftPackageReference "Alamofire" */ = {
			isa = XCRemoteSwiftPackageReference;
			repositoryURL = "https://github.com/Alamofire/Alamofire";
			requirement = {
				kind = upToNextMajorVersion;
				minimumVersion = 5.0.0;
			};
		};
/* End XCRemoteSwiftPackageReference section */

/* Begin XCSwiftPackageProductDependency section */
		30DFCC062875B70500E57A72 /* Alamofire */ = {
			isa = XCSwiftPackageProductDependency;
			package = 30DFCC052875B70500E57A72 /* XCRemoteSwiftPackageReference "Alamofire" */;
			productName = Alamofire;
		};
/* End XCSwiftPackageProductDependency section */
	};
	rootObject = 30DFCBBE287599C200E57A72 /* Project object */;
}
